
Microsoft Visual Studio Solution File, Format Version 12.00
# Visual Studio Version 17
VisualStudioVersion = 17.5.33516.290
MinimumVisualStudioVersion = 10.0.40219.1
Project("{8BC9CEB8-8B4A-11D0-8D11-00A0C91BC942}") = "CS2Installer", "CS2Installer\CS2Installer.vcxproj", "{388CB6DD-AC67-4411-9FF7-3A930035D27F}"
EndProject
Global
	GlobalSection(SolutionConfigurationPlatforms) = preSolution
		Debug|x64 = Debug|x64
		Debug|x86 = Debug|x86
		Release|x64 = Release|x64
		Release|x86 = Release|x86
	EndGlobalSection
	GlobalSection(ProjectConfigurationPlatforms) = postSolution
		{388CB6DD-AC67-4411-9FF7-3A930035D27F}.Debug|x64.ActiveCfg = Debug|x64
		{388CB6DD-AC67-4411-9FF7-3A930035D27F}.Debug|x64.Build.0 = Debug|x64
		{388CB6DD-AC67-4411-9FF7-3A930035D27F}.Debug|x86.ActiveCfg = Debug|Win32
		{388CB6DD-AC67-4411-9FF7-3A930035D27F}.Debug|x86.Build.0 = Debug|Win32
		{388CB6DD-AC67-4411-9FF7-3A930035D27F}.Release|x64.ActiveCfg = Release|x64
		{388CB6DD-AC67-4411-9FF7-3A930035D27F}.Release|x64.Build.0 = Release|x64
		{388CB6DD-AC67-4411-9FF7-3A930035D27F}.Release|x86.ActiveCfg = Release|Win32
		{388CB6DD-AC67-4411-9FF7-3A930035D27F}.Release|x86.Build.0 = Release|Win32
	EndGlobalSection
	GlobalSection(SolutionProperties) = preSolution
		HideSolutionNode = FALSE
	EndGlobalSection
	GlobalSection(ExtensibilityGlobals) = postSolution
		SolutionGuid = {80BBA88C-634D-4EC1-85AF-1AD2463114A5}
	EndGlobalSection
EndGlobal
